
Microsoft Visual Studio Solution File, Format Version 12.00
# Visual Studio Version 17
VisualStudioVersion = 17.8.34309.116
MinimumVisualStudioVersion = 10.0.40219.1
Project("{8BC9CEB8-8B4A-11D0-8D11-00A0C91BC942}") = "Project1", "Project1\Project1.vcxproj", "{7848B971-93E5-45DF-99ED-2CBFA7E21879}"
EndProject
Project("{8BC9CEB8-8B4A-11D0-8D11-00A0C91BC942}") = "Box", "Box\Box.vcxproj", "{66173AFC-3306-4273-AD59-CF56C7CF921A}"
EndProject
Project("{8BC9CEB8-8B4A-11D0-8D11-00A0C91BC942}") = "Common", "Common\Common.vcxproj", "{169D8794-E0A7-45B1-966F-688EC8D65690}"
EndProject
Project("{8BC9CEB8-8B4A-11D0-8D11-00A0C91BC942}") = "Shapes", "Shapes\Shapes.vcxproj", "{B73D8E8E-00FC-47B7-849A-83322FBB4740}"
	ProjectSection(ProjectDependencies) = postProject
		{169D8794-E0A7-45B1-966F-688EC8D65690} = {169D8794-E0A7-45B1-966F-688EC8D65690}
	EndProjectSection
EndProject
Project("{8BC9CEB8-8B4A-11D0-8D11-00A0C91BC942}") = "LandAndWaves", "LandAndWaves\LandAndWaves.vcxproj", "{DA654444-25A4-4A99-A22D-8467CA433A2A}"
EndProject
Project("{8BC9CEB8-8B4A-11D0-8D11-00A0C91BC942}") = "Skull", "Skull\Skull.vcxproj", "{D07E297A-52C7-419B-8125-66391F573DD5}"
EndProject
Project("{8BC9CEB8-8B4A-11D0-8D11-00A0C91BC942}") = "LitWaves", "LitWaves\LitWaves.vcxproj", "{40434445-EB65-4C09-BEF5-121ADE08BF65}"
EndProject
Project("{8BC9CEB8-8B4A-11D0-8D11-00A0C91BC942}") = "LitColumns", "LitColumns\LitColumns.vcxproj", "{B1E449BF-ABBE-4AD2-8505-36EF403E4583}"
EndProject
Project("{8BC9CEB8-8B4A-11D0-8D11-00A0C91BC942}") = "Crate", "Crate\Crate.vcxproj", "{2D113AAB-705D-44AC-907A-9EEB8535BCC7}"
EndProject
Project("{8BC9CEB8-8B4A-11D0-8D11-00A0C91BC942}") = "TexColumns", "TexColumns\TexColumns.vcxproj", "{2B42AC54-4303-44C8-8A95-2797A6F50476}"
EndProject
Project("{8BC9CEB8-8B4A-11D0-8D11-00A0C91BC942}") = "TexWaves", "TexWaves\TexWaves.vcxproj", "{4FA788E5-12EC-4790-A726-B3358DB511A2}"
EndProject
Project("{8BC9CEB8-8B4A-11D0-8D11-00A0C91BC942}") = "Blend", "Blend\Blend.vcxproj", "{6EE00DB7-460A-4497-AD58-137014BCD2E2}"
EndProject
Project("{8BC9CEB8-8B4A-11D0-8D11-00A0C91BC942}") = "Stencil", "Stencil\Stencil.vcxproj", "{90D5195C-58FE-43D6-B2FC-08DEFEDF8DB7}"
EndProject
Project("{8BC9CEB8-8B4A-11D0-8D11-00A0C91BC942}") = "TreeBillboards", "TreeBillboards\TreeBillboards.vcxproj", "{18AD1449-070D-47A8-B086-BE101F9B5AE5}"
EndProject
Project("{8BC9CEB8-8B4A-11D0-8D11-00A0C91BC942}") = "Blur", "Blur\Blur.vcxproj", "{80317863-694B-453A-96CD-0E4204F04132}"
EndProject
Project("{8BC9CEB8-8B4A-11D0-8D11-00A0C91BC942}") = "VecAdd", "VecAdd\VecAdd.vcxproj", "{67E519B1-28A5-487A-A5EB-3631463175A0}"
EndProject
Project("{8BC9CEB8-8B4A-11D0-8D11-00A0C91BC942}") = "WavesCS", "WavesCS\WavesCS.vcxproj", "{2D0E3184-4149-4EE0-94BD-A43B0DCD9A07}"
EndProject
Project("{8BC9CEB8-8B4A-11D0-8D11-00A0C91BC942}") = "Sobel", "Sobel\Sobel.vcxproj", "{FAA96419-E326-466A-9C75-4FBFE5B0DF9F}"
EndProject
Project("{8BC9CEB8-8B4A-11D0-8D11-00A0C91BC942}") = "BasicTessellation", "BasicTessellation\BasicTessellation.vcxproj", "{8C4516E7-C278-48EC-A46E-468881E9143A}"
EndProject
Project("{8BC9CEB8-8B4A-11D0-8D11-00A0C91BC942}") = "BezierPatch", "BezierPatch\BezierPatch.vcxproj", "{B996FF5E-4441-4B7F-97E0-051052C6DFBE}"
EndProject
Project("{8BC9CEB8-8B4A-11D0-8D11-00A0C91BC942}") = "CameraAndDynamicIndexing", "CameraAndDynamicIndexing\CameraAndDynamicIndexing.vcxproj", "{DCD96E58-83C4-4960-BC29-62278C9CC97B}"
EndProject
Project("{8BC9CEB8-8B4A-11D0-8D11-00A0C91BC942}") = "InstancingAndCulling", "InstancingAndCulling\InstancingAndCulling.vcxproj", "{39E58A51-CE07-497B-A427-8AB14D3F7B98}"
EndProject
Project("{8BC9CEB8-8B4A-11D0-8D11-00A0C91BC942}") = "Picking", "Picking\Picking.vcxproj", "{23389415-F43F-4480-AD1C-E96CEBD2537F}"
EndProject
Project("{8BC9CEB8-8B4A-11D0-8D11-00A0C91BC942}") = "CubeMap", "CubeMap\CubeMap.vcxproj", "{63FD2947-B820-4EEB-8080-730576159BD4}"
EndProject
Project("{8BC9CEB8-8B4A-11D0-8D11-00A0C91BC942}") = "DynamicCube", "DynamicCube\DynamicCube.vcxproj", "{1C61B470-0C62-4A22-B4B4-6A206D20B20D}"
EndProject
Project("{8BC9CEB8-8B4A-11D0-8D11-00A0C91BC942}") = "NormalMap", "NormalMap\NormalMap.vcxproj", "{E23CCC6F-2054-4EAA-B3DF-49C0E0BE9CF4}"
EndProject
Project("{8BC9CEB8-8B4A-11D0-8D11-00A0C91BC942}") = "ShadowMap", "ShadowMap\ShadowMap.vcxproj", "{DCD75871-36AE-4A6C-B544-799B8A7913F3}"
EndProject
Project("{8BC9CEB8-8B4A-11D0-8D11-00A0C91BC942}") = "ProjectiveTexturing", "ProjectiveTexturing\ProjectiveTexturing.vcxproj", "{9DEBABE8-8FD2-47C0-893A-B71F9F8D3C57}"
EndProject
Global
	GlobalSection(SolutionConfigurationPlatforms) = preSolution
		Debug|x64 = Debug|x64
		Debug|x86 = Debug|x86
		Release|x64 = Release|x64
		Release|x86 = Release|x86
	EndGlobalSection
	GlobalSection(ProjectConfigurationPlatforms) = postSolution
		{7848B971-93E5-45DF-99ED-2CBFA7E21879}.Debug|x64.ActiveCfg = Debug|x64
		{7848B971-93E5-45DF-99ED-2CBFA7E21879}.Debug|x64.Build.0 = Debug|x64
		{7848B971-93E5-45DF-99ED-2CBFA7E21879}.Debug|x86.ActiveCfg = Debug|Win32
		{7848B971-93E5-45DF-99ED-2CBFA7E21879}.Debug|x86.Build.0 = Debug|Win32
		{7848B971-93E5-45DF-99ED-2CBFA7E21879}.Release|x64.ActiveCfg = Release|x64
		{7848B971-93E5-45DF-99ED-2CBFA7E21879}.Release|x64.Build.0 = Release|x64
		{7848B971-93E5-45DF-99ED-2CBFA7E21879}.Release|x86.ActiveCfg = Release|Win32
		{7848B971-93E5-45DF-99ED-2CBFA7E21879}.Release|x86.Build.0 = Release|Win32
		{66173AFC-3306-4273-AD59-CF56C7CF921A}.Debug|x64.ActiveCfg = Debug|x64
		{66173AFC-3306-4273-AD59-CF56C7CF921A}.Debug|x64.Build.0 = Debug|x64
		{66173AFC-3306-4273-AD59-CF56C7CF921A}.Debug|x86.ActiveCfg = Debug|Win32
		{66173AFC-3306-4273-AD59-CF56C7CF921A}.Debug|x86.Build.0 = Debug|Win32
		{66173AFC-3306-4273-AD59-CF56C7CF921A}.Release|x64.ActiveCfg = Release|x64
		{66173AFC-3306-4273-AD59-CF56C7CF921A}.Release|x64.Build.0 = Release|x64
		{66173AFC-3306-4273-AD59-CF56C7CF921A}.Release|x86.ActiveCfg = Release|Win32
		{66173AFC-3306-4273-AD59-CF56C7CF921A}.Release|x86.Build.0 = Release|Win32
		{169D8794-E0A7-45B1-966F-688EC8D65690}.Debug|x64.ActiveCfg = Debug|x64
		{169D8794-E0A7-45B1-966F-688EC8D65690}.Debug|x64.Build.0 = Debug|x64
		{169D8794-E0A7-45B1-966F-688EC8D65690}.Debug|x86.ActiveCfg = Debug|Win32
		{169D8794-E0A7-45B1-966F-688EC8D65690}.Debug|x86.Build.0 = Debug|Win32
		{169D8794-E0A7-45B1-966F-688EC8D65690}.Release|x64.ActiveCfg = Release|x64
		{169D8794-E0A7-45B1-966F-688EC8D65690}.Release|x64.Build.0 = Release|x64
		{169D8794-E0A7-45B1-966F-688EC8D65690}.Release|x86.ActiveCfg = Release|Win32
		{169D8794-E0A7-45B1-966F-688EC8D65690}.Release|x86.Build.0 = Release|Win32
		{B73D8E8E-00FC-47B7-849A-83322FBB4740}.Debug|x64.ActiveCfg = Debug|x64
		{B73D8E8E-00FC-47B7-849A-83322FBB4740}.Debug|x64.Build.0 = Debug|x64
		{B73D8E8E-00FC-47B7-849A-83322FBB4740}.Debug|x86.ActiveCfg = Debug|Win32
		{B73D8E8E-00FC-47B7-849A-83322FBB4740}.Debug|x86.Build.0 = Debug|Win32
		{B73D8E8E-00FC-47B7-849A-83322FBB4740}.Release|x64.ActiveCfg = Release|x64
		{B73D8E8E-00FC-47B7-849A-83322FBB4740}.Release|x64.Build.0 = Release|x64
		{B73D8E8E-00FC-47B7-849A-83322FBB4740}.Release|x86.ActiveCfg = Release|Win32
		{B73D8E8E-00FC-47B7-849A-83322FBB4740}.Release|x86.Build.0 = Release|Win32
		{DA654444-25A4-4A99-A22D-8467CA433A2A}.Debug|x64.ActiveCfg = Debug|x64
		{DA654444-25A4-4A99-A22D-8467CA433A2A}.Debug|x64.Build.0 = Debug|x64
		{DA654444-25A4-4A99-A22D-8467CA433A2A}.Debug|x86.ActiveCfg = Debug|Win32
		{DA654444-25A4-4A99-A22D-8467CA433A2A}.Debug|x86.Build.0 = Debug|Win32
		{DA654444-25A4-4A99-A22D-8467CA433A2A}.Release|x64.ActiveCfg = Release|x64
		{DA654444-25A4-4A99-A22D-8467CA433A2A}.Release|x64.Build.0 = Release|x64
		{DA654444-25A4-4A99-A22D-8467CA433A2A}.Release|x86.ActiveCfg = Release|Win32
		{DA654444-25A4-4A99-A22D-8467CA433A2A}.Release|x86.Build.0 = Release|Win32
		{D07E297A-52C7-419B-8125-66391F573DD5}.Debug|x64.ActiveCfg = Debug|x64
		{D07E297A-52C7-419B-8125-66391F573DD5}.Debug|x64.Build.0 = Debug|x64
		{D07E297A-52C7-419B-8125-66391F573DD5}.Debug|x86.ActiveCfg = Debug|Win32
		{D07E297A-52C7-419B-8125-66391F573DD5}.Debug|x86.Build.0 = Debug|Win32
		{D07E297A-52C7-419B-8125-66391F573DD5}.Release|x64.ActiveCfg = Release|x64
		{D07E297A-52C7-419B-8125-66391F573DD5}.Release|x64.Build.0 = Release|x64
		{D07E297A-52C7-419B-8125-66391F573DD5}.Release|x86.ActiveCfg = Release|Win32
		{D07E297A-52C7-419B-8125-66391F573DD5}.Release|x86.Build.0 = Release|Win32
		{40434445-EB65-4C09-BEF5-121ADE08BF65}.Debug|x64.ActiveCfg = Debug|x64
		{40434445-EB65-4C09-BEF5-121ADE08BF65}.Debug|x64.Build.0 = Debug|x64
		{40434445-EB65-4C09-BEF5-121ADE08BF65}.Debug|x86.ActiveCfg = Debug|Win32
		{40434445-EB65-4C09-BEF5-121ADE08BF65}.Debug|x86.Build.0 = Debug|Win32
		{40434445-EB65-4C09-BEF5-121ADE08BF65}.Release|x64.ActiveCfg = Release|x64
		{40434445-EB65-4C09-BEF5-121ADE08BF65}.Release|x64.Build.0 = Release|x64
		{40434445-EB65-4C09-BEF5-121ADE08BF65}.Release|x86.ActiveCfg = Release|Win32
		{40434445-EB65-4C09-BEF5-121ADE08BF65}.Release|x86.Build.0 = Release|Win32
		{B1E449BF-ABBE-4AD2-8505-36EF403E4583}.Debug|x64.ActiveCfg = Debug|x64
		{B1E449BF-ABBE-4AD2-8505-36EF403E4583}.Debug|x64.Build.0 = Debug|x64
		{B1E449BF-ABBE-4AD2-8505-36EF403E4583}.Debug|x86.ActiveCfg = Debug|Win32
		{B1E449BF-ABBE-4AD2-8505-36EF403E4583}.Debug|x86.Build.0 = Debug|Win32
		{B1E449BF-ABBE-4AD2-8505-36EF403E4583}.Release|x64.ActiveCfg = Release|x64
		{B1E449BF-ABBE-4AD2-8505-36EF403E4583}.Release|x64.Build.0 = Release|x64
		{B1E449BF-ABBE-4AD2-8505-36EF403E4583}.Release|x86.ActiveCfg = Release|Win32
		{B1E449BF-ABBE-4AD2-8505-36EF403E4583}.Release|x86.Build.0 = Release|Win32
		{2D113AAB-705D-44AC-907A-9EEB8535BCC7}.Debug|x64.ActiveCfg = Debug|x64
		{2D113AAB-705D-44AC-907A-9EEB8535BCC7}.Debug|x64.Build.0 = Debug|x64
		{2D113AAB-705D-44AC-907A-9EEB8535BCC7}.Debug|x86.ActiveCfg = Debug|Win32
		{2D113AAB-705D-44AC-907A-9EEB8535BCC7}.Debug|x86.Build.0 = Debug|Win32
		{2D113AAB-705D-44AC-907A-9EEB8535BCC7}.Release|x64.ActiveCfg = Release|x64
		{2D113AAB-705D-44AC-907A-9EEB8535BCC7}.Release|x64.Build.0 = Release|x64
		{2D113AAB-705D-44AC-907A-9EEB8535BCC7}.Release|x86.ActiveCfg = Release|Win32
		{2D113AAB-705D-44AC-907A-9EEB8535BCC7}.Release|x86.Build.0 = Release|Win32
		{2B42AC54-4303-44C8-8A95-2797A6F50476}.Debug|x64.ActiveCfg = Debug|x64
		{2B42AC54-4303-44C8-8A95-2797A6F50476}.Debug|x64.Build.0 = Debug|x64
		{2B42AC54-4303-44C8-8A95-2797A6F50476}.Debug|x86.ActiveCfg = Debug|Win32
		{2B42AC54-4303-44C8-8A95-2797A6F50476}.Debug|x86.Build.0 = Debug|Win32
		{2B42AC54-4303-44C8-8A95-2797A6F50476}.Release|x64.ActiveCfg = Release|x64
		{2B42AC54-4303-44C8-8A95-2797A6F50476}.Release|x64.Build.0 = Release|x64
		{2B42AC54-4303-44C8-8A95-2797A6F50476}.Release|x86.ActiveCfg = Release|Win32
		{2B42AC54-4303-44C8-8A95-2797A6F50476}.Release|x86.Build.0 = Release|Win32
		{4FA788E5-12EC-4790-A726-B3358DB511A2}.Debug|x64.ActiveCfg = Debug|x64
		{4FA788E5-12EC-4790-A726-B3358DB511A2}.Debug|x64.Build.0 = Debug|x64
		{4FA788E5-12EC-4790-A726-B3358DB511A2}.Debug|x86.ActiveCfg = Debug|Win32
		{4FA788E5-12EC-4790-A726-B3358DB511A2}.Debug|x86.Build.0 = Debug|Win32
		{4FA788E5-12EC-4790-A726-B3358DB511A2}.Release|x64.ActiveCfg = Release|x64
		{4FA788E5-12EC-4790-A726-B3358DB511A2}.Release|x64.Build.0 = Release|x64
		{4FA788E5-12EC-4790-A726-B3358DB511A2}.Release|x86.ActiveCfg = Release|Win32
		{4FA788E5-12EC-4790-A726-B3358DB511A2}.Release|x86.Build.0 = Release|Win32
		{6EE00DB7-460A-4497-AD58-137014BCD2E2}.Debug|x64.ActiveCfg = Debug|x64
		{6EE00DB7-460A-4497-AD58-137014BCD2E2}.Debug|x64.Build.0 = Debug|x64
		{6EE00DB7-460A-4497-AD58-137014BCD2E2}.Debug|x86.ActiveCfg = Debug|Win32
		{6EE00DB7-460A-4497-AD58-137014BCD2E2}.Debug|x86.Build.0 = Debug|Win32
		{6EE00DB7-460A-4497-AD58-137014BCD2E2}.Release|x64.ActiveCfg = Release|x64
		{6EE00DB7-460A-4497-AD58-137014BCD2E2}.Release|x64.Build.0 = Release|x64
		{6EE00DB7-460A-4497-AD58-137014BCD2E2}.Release|x86.ActiveCfg = Release|Win32
		{6EE00DB7-460A-4497-AD58-137014BCD2E2}.Release|x86.Build.0 = Release|Win32
		{90D5195C-58FE-43D6-B2FC-08DEFEDF8DB7}.Debug|x64.ActiveCfg = Debug|x64
		{90D5195C-58FE-43D6-B2FC-08DEFEDF8DB7}.Debug|x64.Build.0 = Debug|x64
		{90D5195C-58FE-43D6-B2FC-08DEFEDF8DB7}.Debug|x86.ActiveCfg = Debug|Win32
		{90D5195C-58FE-43D6-B2FC-08DEFEDF8DB7}.Debug|x86.Build.0 = Debug|Win32
		{90D5195C-58FE-43D6-B2FC-08DEFEDF8DB7}.Release|x64.ActiveCfg = Release|x64
		{90D5195C-58FE-43D6-B2FC-08DEFEDF8DB7}.Release|x64.Build.0 = Release|x64
		{90D5195C-58FE-43D6-B2FC-08DEFEDF8DB7}.Release|x86.ActiveCfg = Release|Win32
		{90D5195C-58FE-43D6-B2FC-08DEFEDF8DB7}.Release|x86.Build.0 = Release|Win32
		{18AD1449-070D-47A8-B086-BE101F9B5AE5}.Debug|x64.ActiveCfg = Debug|x64
		{18AD1449-070D-47A8-B086-BE101F9B5AE5}.Debug|x64.Build.0 = Debug|x64
		{18AD1449-070D-47A8-B086-BE101F9B5AE5}.Debug|x86.ActiveCfg = Debug|Win32
		{18AD1449-070D-47A8-B086-BE101F9B5AE5}.Debug|x86.Build.0 = Debug|Win32
		{18AD1449-070D-47A8-B086-BE101F9B5AE5}.Release|x64.ActiveCfg = Release|x64
		{18AD1449-070D-47A8-B086-BE101F9B5AE5}.Release|x64.Build.0 = Release|x64
		{18AD1449-070D-47A8-B086-BE101F9B5AE5}.Release|x86.ActiveCfg = Release|Win32
		{18AD1449-070D-47A8-B086-BE101F9B5AE5}.Release|x86.Build.0 = Release|Win32
		{80317863-694B-453A-96CD-0E4204F04132}.Debug|x64.ActiveCfg = Debug|x64
		{80317863-694B-453A-96CD-0E4204F04132}.Debug|x64.Build.0 = Debug|x64
		{80317863-694B-453A-96CD-0E4204F04132}.Debug|x86.ActiveCfg = Debug|Win32
		{80317863-694B-453A-96CD-0E4204F04132}.Debug|x86.Build.0 = Debug|Win32
		{80317863-694B-453A-96CD-0E4204F04132}.Release|x64.ActiveCfg = Release|x64
		{80317863-694B-453A-96CD-0E4204F04132}.Release|x64.Build.0 = Release|x64
		{80317863-694B-453A-96CD-0E4204F04132}.Release|x86.ActiveCfg = Release|Win32
		{80317863-694B-453A-96CD-0E4204F04132}.Release|x86.Build.0 = Release|Win32
		{67E519B1-28A5-487A-A5EB-3631463175A0}.Debug|x64.ActiveCfg = Debug|x64
		{67E519B1-28A5-487A-A5EB-3631463175A0}.Debug|x64.Build.0 = Debug|x64
		{67E519B1-28A5-487A-A5EB-3631463175A0}.Debug|x86.ActiveCfg = Debug|Win32
		{67E519B1-28A5-487A-A5EB-3631463175A0}.Debug|x86.Build.0 = Debug|Win32
		{67E519B1-28A5-487A-A5EB-3631463175A0}.Release|x64.ActiveCfg = Release|x64
		{67E519B1-28A5-487A-A5EB-3631463175A0}.Release|x64.Build.0 = Release|x64
		{67E519B1-28A5-487A-A5EB-3631463175A0}.Release|x86.ActiveCfg = Release|Win32
		{67E519B1-28A5-487A-A5EB-3631463175A0}.Release|x86.Build.0 = Release|Win32
		{2D0E3184-4149-4EE0-94BD-A43B0DCD9A07}.Debug|x64.ActiveCfg = Debug|x64
		{2D0E3184-4149-4EE0-94BD-A43B0DCD9A07}.Debug|x64.Build.0 = Debug|x64
		{2D0E3184-4149-4EE0-94BD-A43B0DCD9A07}.Debug|x86.ActiveCfg = Debug|Win32
		{2D0E3184-4149-4EE0-94BD-A43B0DCD9A07}.Debug|x86.Build.0 = Debug|Win32
		{2D0E3184-4149-4EE0-94BD-A43B0DCD9A07}.Release|x64.ActiveCfg = Release|x64
		{2D0E3184-4149-4EE0-94BD-A43B0DCD9A07}.Release|x64.Build.0 = Release|x64
		{2D0E3184-4149-4EE0-94BD-A43B0DCD9A07}.Release|x86.ActiveCfg = Release|Win32
		{2D0E3184-4149-4EE0-94BD-A43B0DCD9A07}.Release|x86.Build.0 = Release|Win32
		{FAA96419-E326-466A-9C75-4FBFE5B0DF9F}.Debug|x64.ActiveCfg = Debug|x64
		{FAA96419-E326-466A-9C75-4FBFE5B0DF9F}.Debug|x64.Build.0 = Debug|x64
		{FAA96419-E326-466A-9C75-4FBFE5B0DF9F}.Debug|x86.ActiveCfg = Debug|Win32
		{FAA96419-E326-466A-9C75-4FBFE5B0DF9F}.Debug|x86.Build.0 = Debug|Win32
		{FAA96419-E326-466A-9C75-4FBFE5B0DF9F}.Release|x64.ActiveCfg = Release|x64
		{FAA96419-E326-466A-9C75-4FBFE5B0DF9F}.Release|x64.Build.0 = Release|x64
		{FAA96419-E326-466A-9C75-4FBFE5B0DF9F}.Release|x86.ActiveCfg = Release|Win32
		{FAA96419-E326-466A-9C75-4FBFE5B0DF9F}.Release|x86.Build.0 = Release|Win32
		{8C4516E7-C278-48EC-A46E-468881E9143A}.Debug|x64.ActiveCfg = Debug|x64
		{8C4516E7-C278-48EC-A46E-468881E9143A}.Debug|x64.Build.0 = Debug|x64
		{8C4516E7-C278-48EC-A46E-468881E9143A}.Debug|x86.ActiveCfg = Debug|Win32
		{8C4516E7-C278-48EC-A46E-468881E9143A}.Debug|x86.Build.0 = Debug|Win32
		{8C4516E7-C278-48EC-A46E-468881E9143A}.Release|x64.ActiveCfg = Release|x64
		{8C4516E7-C278-48EC-A46E-468881E9143A}.Release|x64.Build.0 = Release|x64
		{8C4516E7-C278-48EC-A46E-468881E9143A}.Release|x86.ActiveCfg = Release|Win32
		{8C4516E7-C278-48EC-A46E-468881E9143A}.Release|x86.Build.0 = Release|Win32
		{B996FF5E-4441-4B7F-97E0-051052C6DFBE}.Debug|x64.ActiveCfg = Debug|x64
		{B996FF5E-4441-4B7F-97E0-051052C6DFBE}.Debug|x64.Build.0 = Debug|x64
		{B996FF5E-4441-4B7F-97E0-051052C6DFBE}.Debug|x86.ActiveCfg = Debug|Win32
		{B996FF5E-4441-4B7F-97E0-051052C6DFBE}.Debug|x86.Build.0 = Debug|Win32
		{B996FF5E-4441-4B7F-97E0-051052C6DFBE}.Release|x64.ActiveCfg = Release|x64
		{B996FF5E-4441-4B7F-97E0-051052C6DFBE}.Release|x64.Build.0 = Release|x64
		{B996FF5E-4441-4B7F-97E0-051052C6DFBE}.Release|x86.ActiveCfg = Release|Win32
		{B996FF5E-4441-4B7F-97E0-051052C6DFBE}.Release|x86.Build.0 = Release|Win32
		{DCD96E58-83C4-4960-BC29-62278C9CC97B}.Debug|x64.ActiveCfg = Debug|x64
		{DCD96E58-83C4-4960-BC29-62278C9CC97B}.Debug|x64.Build.0 = Debug|x64
		{DCD96E58-83C4-4960-BC29-62278C9CC97B}.Debug|x86.ActiveCfg = Debug|Win32
		{DCD96E58-83C4-4960-BC29-62278C9CC97B}.Debug|x86.Build.0 = Debug|Win32
		{DCD96E58-83C4-4960-BC29-62278C9CC97B}.Release|x64.ActiveCfg = Release|x64
		{DCD96E58-83C4-4960-BC29-62278C9CC97B}.Release|x64.Build.0 = Release|x64
		{DCD96E58-83C4-4960-BC29-62278C9CC97B}.Release|x86.ActiveCfg = Release|Win32
		{DCD96E58-83C4-4960-BC29-62278C9CC97B}.Release|x86.Build.0 = Release|Win32
		{39E58A51-CE07-497B-A427-8AB14D3F7B98}.Debug|x64.ActiveCfg = Debug|x64
		{39E58A51-CE07-497B-A427-8AB14D3F7B98}.Debug|x64.Build.0 = Debug|x64
		{39E58A51-CE07-497B-A427-8AB14D3F7B98}.Debug|x86.ActiveCfg = Debug|Win32
		{39E58A51-CE07-497B-A427-8AB14D3F7B98}.Debug|x86.Build.0 = Debug|Win32
		{39E58A51-CE07-497B-A427-8AB14D3F7B98}.Release|x64.ActiveCfg = Release|x64
		{39E58A51-CE07-497B-A427-8AB14D3F7B98}.Release|x64.Build.0 = Release|x64
		{39E58A51-CE07-497B-A427-8AB14D3F7B98}.Release|x86.ActiveCfg = Release|Win32
		{39E58A51-CE07-497B-A427-8AB14D3F7B98}.Release|x86.Build.0 = Release|Win32
		{23389415-F43F-4480-AD1C-E96CEBD2537F}.Debug|x64.ActiveCfg = Debug|x64
		{23389415-F43F-4480-AD1C-E96CEBD2537F}.Debug|x64.Build.0 = Debug|x64
		{23389415-F43F-4480-AD1C-E96CEBD2537F}.Debug|x86.ActiveCfg = Debug|Win32
		{23389415-F43F-4480-AD1C-E96CEBD2537F}.Debug|x86.Build.0 = Debug|Win32
		{23389415-F43F-4480-AD1C-E96CEBD2537F}.Release|x64.ActiveCfg = Release|x64
		{23389415-F43F-4480-AD1C-E96CEBD2537F}.Release|x64.Build.0 = Release|x64
		{23389415-F43F-4480-AD1C-E96CEBD2537F}.Release|x86.ActiveCfg = Release|Win32
		{23389415-F43F-4480-AD1C-E96CEBD2537F}.Release|x86.Build.0 = Release|Win32
		{63FD2947-B820-4EEB-8080-730576159BD4}.Debug|x64.ActiveCfg = Debug|x64
		{63FD2947-B820-4EEB-8080-730576159BD4}.Debug|x64.Build.0 = Debug|x64
		{63FD2947-B820-4EEB-8080-730576159BD4}.Debug|x86.ActiveCfg = Debug|Win32
		{63FD2947-B820-4EEB-8080-730576159BD4}.Debug|x86.Build.0 = Debug|Win32
		{63FD2947-B820-4EEB-8080-730576159BD4}.Release|x64.ActiveCfg = Release|x64
		{63FD2947-B820-4EEB-8080-730576159BD4}.Release|x64.Build.0 = Release|x64
		{63FD2947-B820-4EEB-8080-730576159BD4}.Release|x86.ActiveCfg = Release|Win32
		{63FD2947-B820-4EEB-8080-730576159BD4}.Release|x86.Build.0 = Release|Win32
		{1C61B470-0C62-4A22-B4B4-6A206D20B20D}.Debug|x64.ActiveCfg = Debug|x64
		{1C61B470-0C62-4A22-B4B4-6A206D20B20D}.Debug|x64.Build.0 = Debug|x64
		{1C61B470-0C62-4A22-B4B4-6A206D20B20D}.Debug|x86.ActiveCfg = Debug|Win32
		{1C61B470-0C62-4A22-B4B4-6A206D20B20D}.Debug|x86.Build.0 = Debug|Win32
		{1C61B470-0C62-4A22-B4B4-6A206D20B20D}.Release|x64.ActiveCfg = Release|x64
		{1C61B470-0C62-4A22-B4B4-6A206D20B20D}.Release|x64.Build.0 = Release|x64
		{1C61B470-0C62-4A22-B4B4-6A206D20B20D}.Release|x86.ActiveCfg = Release|Win32
		{1C61B470-0C62-4A22-B4B4-6A206D20B20D}.Release|x86.Build.0 = Release|Win32
		{E23CCC6F-2054-4EAA-B3DF-49C0E0BE9CF4}.Debug|x64.ActiveCfg = Debug|x64
		{E23CCC6F-2054-4EAA-B3DF-49C0E0BE9CF4}.Debug|x64.Build.0 = Debug|x64
		{E23CCC6F-2054-4EAA-B3DF-49C0E0BE9CF4}.Debug|x86.ActiveCfg = Debug|Win32
		{E23CCC6F-2054-4EAA-B3DF-49C0E0BE9CF4}.Debug|x86.Build.0 = Debug|Win32
		{E23CCC6F-2054-4EAA-B3DF-49C0E0BE9CF4}.Release|x64.ActiveCfg = Release|x64
		{E23CCC6F-2054-4EAA-B3DF-49C0E0BE9CF4}.Release|x64.Build.0 = Release|x64
		{E23CCC6F-2054-4EAA-B3DF-49C0E0BE9CF4}.Release|x86.ActiveCfg = Release|Win32
		{E23CCC6F-2054-4EAA-B3DF-49C0E0BE9CF4}.Release|x86.Build.0 = Release|Win32
		{DCD75871-36AE-4A6C-B544-799B8A7913F3}.Debug|x64.ActiveCfg = Debug|x64
		{DCD75871-36AE-4A6C-B544-799B8A7913F3}.Debug|x64.Build.0 = Debug|x64
		{DCD75871-36AE-4A6C-B544-799B8A7913F3}.Debug|x86.ActiveCfg = Debug|Win32
		{DCD75871-36AE-4A6C-B544-799B8A7913F3}.Debug|x86.Build.0 = Debug|Win32
		{DCD75871-36AE-4A6C-B544-799B8A7913F3}.Release|x64.ActiveCfg = Release|x64
		{DCD75871-36AE-4A6C-B544-799B8A7913F3}.Release|x64.Build.0 = Release|x64
		{DCD75871-36AE-4A6C-B544-799B8A7913F3}.Release|x86.ActiveCfg = Release|Win32
		{DCD75871-36AE-4A6C-B544-799B8A7913F3}.Release|x86.Build.0 = Release|Win32
		{9DEBABE8-8FD2-47C0-893A-B71F9F8D3C57}.Debug|x64.ActiveCfg = Debug|x64
		{9DEBABE8-8FD2-47C0-893A-B71F9F8D3C57}.Debug|x64.Build.0 = Debug|x64
		{9DEBABE8-8FD2-47C0-893A-B71F9F8D3C57}.Debug|x86.ActiveCfg = Debug|Win32
		{9DEBABE8-8FD2-47C0-893A-B71F9F8D3C57}.Debug|x86.Build.0 = Debug|Win32
		{9DEBABE8-8FD2-47C0-893A-B71F9F8D3C57}.Release|x64.ActiveCfg = Release|x64
		{9DEBABE8-8FD2-47C0-893A-B71F9F8D3C57}.Release|x64.Build.0 = Release|x64
		{9DEBABE8-8FD2-47C0-893A-B71F9F8D3C57}.Release|x86.ActiveCfg = Release|Win32
		{9DEBABE8-8FD2-47C0-893A-B71F9F8D3C57}.Release|x86.Build.0 = Release|Win32
	EndGlobalSection
	GlobalSection(SolutionProperties) = preSolution
		HideSolutionNode = FALSE
	EndGlobalSection
	GlobalSection(ExtensibilityGlobals) = postSolution
		SolutionGuid = {30DA5B49-7FAF-445A-83CB-164E0169DDCC}
	EndGlobalSection
EndGlobal
